// !$*UTF8*$!
{
	archiveVersion = 1;
	classes = {
	};
	objectVersion = 46;
	objects = {

/* Begin PBXBuildFile section */
		4CEAEEF01B24CDCB0085CDDE /* AppDelegate.swift in Sources */ = {isa = PBXBuildFile; fileRef = 4CEAEEEF1B24CDCB0085CDDE /* AppDelegate.swift */; };
		4CEAEEF21B24CDCB0085CDDE /* ViewController.swift in Sources */ = {isa = PBXBuildFile; fileRef = 4CEAEEF11B24CDCB0085CDDE /* ViewController.swift */; };
		4CEAEEF71B24CDCB0085CDDE /* Images.xcassets in Resources */ = {isa = PBXBuildFile; fileRef = 4CEAEEF61B24CDCB0085CDDE /* Images.xcassets */; };
		4CEAEEFA1B24CDCB0085CDDE /* LaunchScreen.xib in Resources */ = {isa = PBXBuildFile; fileRef = 4CEAEEF81B24CDCB0085CDDE /* LaunchScreen.xib */; };
		4CEAEF061B24CDCB0085CDDE /* stormy_1_5Tests.swift in Sources */ = {isa = PBXBuildFile; fileRef = 4CEAEF051B24CDCB0085CDDE /* stormy_1_5Tests.swift */; };
		4CEAEF101B24CE110085CDDE /* CurrentWeather.swift in Sources */ = {isa = PBXBuildFile; fileRef = 4CEAEF0F1B24CE110085CDDE /* CurrentWeather.swift */; };
		4CEAEF131B24CE960085CDDE /* Main.storyboard in Resources */ = {isa = PBXBuildFile; fileRef = 4CEAEF111B24CE960085CDDE /* Main.storyboard */; };
		4CEAEF151B24CEEB0085CDDE /* CurrentWeather.plist in Resources */ = {isa = PBXBuildFile; fileRef = 4CEAEF141B24CEEB0085CDDE /* CurrentWeather.plist */; };
/* End PBXBuildFile section */

/* Begin PBXContainerItemProxy section */
		4CEAEF001B24CDCB0085CDDE /* PBXContainerItemProxy */ = {
			isa = PBXContainerItemProxy;
			containerPortal = 4CEAEEE21B24CDCB0085CDDE /* Project object */;
			proxyType = 1;
			remoteGlobalIDString = 4CEAEEE91B24CDCB0085CDDE;
			remoteInfo = "stormy 1.5";
		};
/* End PBXContainerItemProxy section */

/* Begin PBXFileReference section */
		4CEAEEEA1B24CDCB0085CDDE /* stormy 1.5.app */ = {isa = PBXFileReference; explicitFileType = wrapper.application; includeInIndex = 0; path = "stormy 1.5.app"; sourceTree = BUILT_PRODUCTS_DIR; };
		4CEAEEEE1B24CDCB0085CDDE /* Info.plist */ = {isa = PBXFileReference; lastKnownFileType = text.plist.xml; path = Info.plist; sourceTree = "<group>"; };
		4CEAEEEF1B24CDCB0085CDDE /* AppDelegate.swift */ = {isa = PBXFileReference; lastKnownFileType = sourcecode.swift; path = AppDelegate.swift; sourceTree = "<group>"; };
		4CEAEEF11B24CDCB0085CDDE /* ViewController.swift */ = {isa = PBXFileReference; lastKnownFileType = sourcecode.swift; path = ViewController.swift; sourceTree = "<group>"; };
		4CEAEEF61B24CDCB0085CDDE /* Images.xcassets */ = {isa = PBXFileReference; lastKnownFileType = folder.assetcatalog; path = Images.xcassets; sourceTree = "<group>"; };
		4CEAEEF91B24CDCB0085CDDE /* Base */ = {isa = PBXFileReference; lastKnownFileType = file.xib; name = Base; path = Base.lproj/LaunchScreen.xib; sourceTree = "<group>"; };
		4CEAEEFF1B24CDCB0085CDDE /* stormy 1.5Tests.xctest */ = {isa = PBXFileReference; explicitFileType = wrapper.cfbundle; includeInIndex = 0; path = "stormy 1.5Tests.xctest"; sourceTree = BUILT_PRODUCTS_DIR; };
		4CEAEF041B24CDCB0085CDDE /* Info.plist */ = {isa = PBXFileReference; lastKnownFileType = text.plist.xml; path = Info.plist; sourceTree = "<group>"; };
		4CEAEF051B24CDCB0085CDDE /* stormy_1_5Tests.swift */ = {isa = PBXFileReference; lastKnownFileType = sourcecode.swift; path = stormy_1_5Tests.swift; sourceTree = "<group>"; };
		4CEAEF0F1B24CE110085CDDE /* CurrentWeather.swift */ = {isa = PBXFileReference; fileEncoding = 4; lastKnownFileType = sourcecode.swift; name = CurrentWeather.swift; path = ../../../../Downloads/StormyS1V7/Stormy/CurrentWeather.swift; sourceTree = "<group>"; };
		4CEAEF121B24CE960085CDDE /* Base */ = {isa = PBXFileReference; lastKnownFileType = file.storyboard; name = Base; path = ../../Stormy/Stormy/Base.lproj/Main.storyboard; sourceTree = "<group>"; };
		4CEAEF141B24CEEB0085CDDE /* CurrentWeather.plist */ = {isa = PBXFileReference; fileEncoding = 4; lastKnownFileType = text.plist.xml; name = CurrentWeather.plist; path = ../../../../Downloads/CurrentWeather.plist; sourceTree = "<group>"; };
/* End PBXFileReference section */

/* Begin PBXFrameworksBuildPhase section */
		4CEAEEE71B24CDCB0085CDDE /* Frameworks */ = {
			isa = PBXFrameworksBuildPhase;
			buildActionMask = 2147483647;
			files = (
			);
			runOnlyForDeploymentPostprocessing = 0;
		};
		4CEAEEFC1B24CDCB0085CDDE /* Frameworks */ = {
			isa = PBXFrameworksBuildPhase;
			buildActionMask = 2147483647;
			files = (
			);
			runOnlyForDeploymentPostprocessing = 0;
		};
/* End PBXFrameworksBuildPhase section */

/* Begin PBXGroup section */
		4CEAEEE11B24CDCB0085CDDE = {
			isa = PBXGroup;
			children = (
				4CEAEEEC1B24CDCB0085CDDE /* stormy 1.5 */,
				4CEAEF021B24CDCB0085CDDE /* stormy 1.5Tests */,
				4CEAEEEB1B24CDCB0085CDDE /* Products */,
			);
			sourceTree = "<group>";
		};
		4CEAEEEB1B24CDCB0085CDDE /* Products */ = {
			isa = PBXGroup;
			children = (
				4CEAEEEA1B24CDCB0085CDDE /* stormy 1.5.app */,
				4CEAEEFF1B24CDCB0085CDDE /* stormy 1.5Tests.xctest */,
			);
			name = Products;
			sourceTree = "<group>";
		};
		4CEAEEEC1B24CDCB0085CDDE /* stormy 1.5 */ = {
			isa = PBXGroup;
			children = (
				4CEAEEEF1B24CDCB0085CDDE /* AppDelegate.swift */,
				4CEAEEF11B24CDCB0085CDDE /* ViewController.swift */,
				4CEAEF0F1B24CE110085CDDE /* CurrentWeather.swift */,
				4CEAEF111B24CE960085CDDE /* Main.storyboard */,
				4CEAEEF61B24CDCB0085CDDE /* Images.xcassets */,
				4CEAEEF81B24CDCB0085CDDE /* LaunchScreen.xib */,
				4CEAEEED1B24CDCB0085CDDE /* Supporting Files */,
			);
			path = "stormy 1.5";
			sourceTree = "<group>";
		};
		4CEAEEED1B24CDCB0085CDDE /* Supporting Files */ = {
			isa = PBXGroup;
			children = (
				4CEAEEEE1B24CDCB0085CDDE /* Info.plist */,
			);
			name = "Supporting Files";
			sourceTree = "<group>";
		};
		4CEAEF021B24CDCB0085CDDE /* stormy 1.5Tests */ = {
			isa = PBXGroup;
			children = (
				4CEAEF051B24CDCB0085CDDE /* stormy_1_5Tests.swift */,
				4CEAEF031B24CDCB0085CDDE /* Supporting Files */,
			);
			path = "stormy 1.5Tests";
			sourceTree = "<group>";
		};
		4CEAEF031B24CDCB0085CDDE /* Supporting Files */ = {
			isa = PBXGroup;
			children = (
				4CEAEF141B24CEEB0085CDDE /* CurrentWeather.plist */,
				4CEAEF041B24CDCB0085CDDE /* Info.plist */,
			);
			name = "Supporting Files";
			sourceTree = "<group>";
		};
/* End PBXGroup section */

/* Begin PBXNativeTarget section */
		4CEAEEE91B24CDCB0085CDDE /* stormy 1.5 */ = {
			isa = PBXNativeTarget;
			buildConfigurationList = 4CEAEF091B24CDCB0085CDDE /* Build configuration list for PBXNativeTarget "stormy 1.5" */;
			buildPhases = (
				4CEAEEE61B24CDCB0085CDDE /* Sources */,
				4CEAEEE71B24CDCB0085CDDE /* Frameworks */,
				4CEAEEE81B24CDCB0085CDDE /* Resources */,
			);
			buildRules = (
			);
			dependencies = (
			);
			name = "stormy 1.5";
			productName = "stormy 1.5";
			productReference = 4CEAEEEA1B24CDCB0085CDDE /* stormy 1.5.app */;
			productType = "com.apple.product-type.application";
		};
		4CEAEEFE1B24CDCB0085CDDE /* stormy 1.5Tests */ = {
			isa = PBXNativeTarget;
			buildConfigurationList = 4CEAEF0C1B24CDCB0085CDDE /* Build configuration list for PBXNativeTarget "stormy 1.5Tests" */;
			buildPhases = (
				4CEAEEFB1B24CDCB0085CDDE /* Sources */,
				4CEAEEFC1B24CDCB0085CDDE /* Frameworks */,
				4CEAEEFD1B24CDCB0085CDDE /* Resources */,
			);
			buildRules = (
			);
			dependencies = (
				4CEAEF011B24CDCB0085CDDE /* PBXTargetDependency */,
			);
			name = "stormy 1.5Tests";
			productName = "stormy 1.5Tests";
			productReference = 4CEAEEFF1B24CDCB0085CDDE /* stormy 1.5Tests.xctest */;
			productType = "com.apple.product-type.bundle.unit-test";
		};
/* End PBXNativeTarget section */

/* Begin PBXProject section */
		4CEAEEE21B24CDCB0085CDDE /* Project object */ = {
			isa = PBXProject;
			attributes = {
				LastUpgradeCheck = 0630;
				ORGANIZATIONNAME = "elboss-apps";
				TargetAttributes = {
					4CEAEEE91B24CDCB0085CDDE = {
						CreatedOnToolsVersion = 6.3.2;
					};
					4CEAEEFE1B24CDCB0085CDDE = {
						CreatedOnToolsVersion = 6.3.2;
						TestTargetID = 4CEAEEE91B24CDCB0085CDDE;
					};
				};
			};
			buildConfigurationList = 4CEAEEE51B24CDCB0085CDDE /* Build configuration list for PBXProject "stormy 1.5" */;
			compatibilityVersion = "Xcode 3.2";
			developmentRegion = English;
			hasScannedForEncodings = 0;
			knownRegions = (
				en,
				Base,
			);
			mainGroup = 4CEAEEE11B24CDCB0085CDDE;
			productRefGroup = 4CEAEEEB1B24CDCB0085CDDE /* Products */;
			projectDirPath = "";
			projectRoot = "";
			targets = (
				4CEAEEE91B24CDCB0085CDDE /* stormy 1.5 */,
				4CEAEEFE1B24CDCB0085CDDE /* stormy 1.5Tests */,
			);
		};
/* End PBXProject section */

/* Begin PBXResourcesBuildPhase section */
		4CEAEEE81B24CDCB0085CDDE /* Resources */ = {
			isa = PBXResourcesBuildPhase;
			buildActionMask = 2147483647;
			files = (
				4CEAEF131B24CE960085CDDE /* Main.storyboard in Resources */,
				4CEAEEFA1B24CDCB0085CDDE /* LaunchScreen.xib in Resources */,
				4CEAEEF71B24CDCB0085CDDE /* Images.xcassets in Resources */,
			);
			runOnlyForDeploymentPostprocessing = 0;
		};
		4CEAEEFD1B24CDCB0085CDDE /* Resources */ = {
			isa = PBXResourcesBuildPhase;
			buildActionMask = 2147483647;
			files = (
				4CEAEF151B24CEEB0085CDDE /* CurrentWeather.plist in Resources */,
			);
			runOnlyForDeploymentPostprocessing = 0;
		};
/* End PBXResourcesBuildPhase section */

/* Begin PBXSourcesBuildPhase section */
		4CEAEEE61B24CDCB0085CDDE /* Sources */ = {
			isa = PBXSourcesBuildPhase;
			buildActionMask = 2147483647;
			files = (
				4CEAEEF21B24CDCB0085CDDE /* ViewController.swift in Sources */,
				4CEAEF101B24CE110085CDDE /* CurrentWeather.swift in Sources */,
				4CEAEEF01B24CDCB0085CDDE /* AppDelegate.swift in Sources */,
			);
			runOnlyForDeploymentPostprocessing = 0;
		};
		4CEAEEFB1B24CDCB0085CDDE /* Sources */ = {
			isa = PBXSourcesBuildPhase;
			buildActionMask = 2147483647;
			files = (
				4CEAEF061B24CDCB0085CDDE /* stormy_1_5Tests.swift in Sources */,
			);
			runOnlyForDeploymentPostprocessing = 0;
		};
/* End PBXSourcesBuildPhase section */

/* Begin PBXTargetDependency section */
		4CEAEF011B24CDCB0085CDDE /* PBXTargetDependency */ = {
			isa = PBXTargetDependency;
			target = 4CEAEEE91B24CDCB0085CDDE /* stormy 1.5 */;
			targetProxy = 4CEAEF001B24CDCB0085CDDE /* PBXContainerItemProxy */;
		};
/* End PBXTargetDependency section */

/* Begin PBXVariantGroup section */
		4CEAEEF81B24CDCB0085CDDE /* LaunchScreen.xib */ = {
			isa = PBXVariantGroup;
			children = (
				4CEAEEF91B24CDCB0085CDDE /* Base */,
			);
			name = LaunchScreen.xib;
			sourceTree = "<group>";
		};
		4CEAEF111B24CE960085CDDE /* Main.storyboard */ = {
			isa = PBXVariantGroup;
			children = (
				4CEAEF121B24CE960085CDDE /* Base */,
			);
			name = Main.storyboard;
			sourceTree = "<group>";
		};
/* End PBXVariantGroup section */

/* Begin XCBuildConfiguration section */
		4CEAEF071B24CDCB0085CDDE /* Debug */ = {
			isa = XCBuildConfiguration;
			buildSettings = {
				ALWAYS_SEARCH_USER_PATHS = NO;
				CLANG_CXX_LANGUAGE_STANDARD = "gnu++0x";
				CLANG_CXX_LIBRARY = "libc++";
				CLANG_ENABLE_MODULES = YES;
				CLANG_ENABLE_OBJC_ARC = YES;
				CLANG_WARN_BOOL_CONVERSION = YES;
				CLANG_WARN_CONSTANT_CONVERSION = YES;
				CLANG_WARN_DIRECT_OBJC_ISA_USAGE = YES_ERROR;
				CLANG_WARN_EMPTY_BODY = YES;
				CLANG_WARN_ENUM_CONVERSION = YES;
				CLANG_WARN_INT_CONVERSION = YES;
				CLANG_WARN_OBJC_ROOT_CLASS = YES_ERROR;
				CLANG_WARN_UNREACHABLE_CODE = YES;
				CLANG_WARN__DUPLICATE_METHOD_MATCH = YES;
				"CODE_SIGN_IDENTITY[sdk=iphoneos*]" = "iPhone Developer";
				COPY_PHASE_STRIP = NO;
				DEBUG_INFORMATION_FORMAT = "dwarf-with-dsym";
				ENABLE_STRICT_OBJC_MSGSEND = YES;
				GCC_C_LANGUAGE_STANDARD = gnu99;
				GCC_DYNAMIC_NO_PIC = NO;
				GCC_NO_COMMON_BLOCKS = YES;
				GCC_OPTIMIZATION_LEVEL = 0;
				GCC_PREPROCESSOR_DEFINITIONS = (
					"DEBUG=1",
					"$(inherited)",
				);
				GCC_SYMBOLS_PRIVATE_EXTERN = NO;
				GCC_WARN_64_TO_32_BIT_CONVERSION = YES;
				GCC_WARN_ABOUT_RETURN_TYPE = YES_ERROR;
				GCC_WARN_UNDECLARED_SELECTOR = YES;
				GCC_WARN_UNINITIALIZED_AUTOS = YES_AGGRESSIVE;
				GCC_WARN_UNUSED_FUNCTION = YES;
				GCC_WARN_UNUSED_VARIABLE = YES;
				IPHONEOS_DEPLOYMENT_TARGET = 8.3;
				MTL_ENABLE_DEBUG_INFO = YES;
				ONLY_ACTIVE_ARCH = YES;
				SDKROOT = iphoneos;
				SWIFT_OPTIMIZATION_LEVEL = "-Onone";
			};
			name = Debug;
		};
		4CEAEF081B24CDCB0085CDDE /* Release */ = {
			isa = XCBuildConfiguration;
			buildSettings = {
				ALWAYS_SEARCH_USER_PATHS = NO;
				CLANG_CXX_LANGUAGE_STANDARD = "gnu++0x";
				CLANG_CXX_LIBRARY = "libc++";
				CLANG_ENABLE_MODULES = YES;
				CLANG_ENABLE_OBJC_ARC = YES;
				CLANG_WARN_BOOL_CONVERSION = YES;
				CLANG_WARN_CONSTANT_CONVERSION = YES;
				CLANG_WARN_DIRECT_OBJC_ISA_USAGE = YES_ERROR;
				CLANG_WARN_EMPTY_BODY = YES;
				CLANG_WARN_ENUM_CONVERSION = YES;
				CLANG_WARN_INT_CONVERSION = YES;
				CLANG_WARN_OBJC_ROOT_CLASS = YES_ERROR;
				CLANG_WARN_UNREACHABLE_CODE = YES;
				CLANG_WARN__DUPLICATE_METHOD_MATCH = YES;
				"CODE_SIGN_IDENTITY[sdk=iphoneos*]" = "iPhone Developer";
				COPY_PHASE_STRIP = NO;
				DEBUG_INFORMATION_FORMAT = "dwarf-with-dsym";
				ENABLE_NS_ASSERTIONS = NO;
				ENABLE_STRICT_OBJC_MSGSEND = YES;
				GCC_C_LANGUAGE_STANDARD = gnu99;
				GCC_NO_COMMON_BLOCKS = YES;
				GCC_WARN_64_TO_32_BIT_CONVERSION = YES;
				GCC_WARN_ABOUT_RETURN_TYPE = YES_ERROR;
				GCC_WARN_UNDECLARED_SELECTOR = YES;
				GCC_WARN_UNINITIALIZED_AUTOS = YES_AGGRESSIVE;
				GCC_WARN_UNUSED_FUNCTION = YES;
				GCC_WARN_UNUSED_VARIABLE = YES;
				IPHONEOS_DEPLOYMENT_TARGET = 8.3;
				MTL_ENABLE_DEBUG_INFO = NO;
				SDKROOT = iphoneos;
				VALIDATE_PRODUCT = YES;
			};
			name = Release;
		};
		4CEAEF0A1B24CDCB0085CDDE /* Debug */ = {
			isa = XCBuildConfiguration;
			buildSettings = {
				ASSETCATALOG_COMPILER_APPICON_NAME = AppIcon;
				INFOPLIST_FILE = "stormy 1.5/Info.plist";
				LD_RUNPATH_SEARCH_PATHS = "$(inherited) @executable_path/Frameworks";
				PRODUCT_NAME = "$(TARGET_NAME)";
			};
			name = Debug;
		};
		4CEAEF0B1B24CDCB0085CDDE /* Release */ = {
			isa = XCBuildConfiguration;
			buildSettings = {
				ASSETCATALOG_COMPILER_APPICON_NAME = AppIcon;
				INFOPLIST_FILE = "stormy 1.5/Info.plist";
				LD_RUNPATH_SEARCH_PATHS = "$(inherited) @executable_path/Frameworks";
				PRODUCT_NAME = "$(TARGET_NAME)";
			};
			name = Release;
		};
		4CEAEF0D1B24CDCB0085CDDE /* Debug */ = {
			isa = XCBuildConfiguration;
			buildSettings = {
				BUNDLE_LOADER = "$(TEST_HOST)";
				FRAMEWORK_SEARCH_PATHS = (
					"$(SDKROOT)/Developer/Library/Frameworks",
					"$(inherited)",
				);
				GCC_PREPROCESSOR_DEFINITIONS = (
					"DEBUG=1",
					"$(inherited)",
				);
				INFOPLIST_FILE = "stormy 1.5Tests/Info.plist";
				LD_RUNPATH_SEARCH_PATHS = "$(inherited) @executable_path/Frameworks @loader_path/Frameworks";
				PRODUCT_NAME = "$(TARGET_NAME)";
				TEST_HOST = "$(BUILT_PRODUCTS_DIR)/stormy 1.5.app/stormy 1.5";
			};
			name = Debug;
		};
		4CEAEF0E1B24CDCB0085CDDE /* Release */ = {
			isa = XCBuildConfiguration;
			buildSettings = {
				BUNDLE_LOADER = "$(TEST_HOST)";
				FRAMEWORK_SEARCH_PATHS = (
					"$(SDKROOT)/Developer/Library/Frameworks",
					"$(inherited)",
				);
				INFOPLIST_FILE = "stormy 1.5Tests/Info.plist";
				LD_RUNPATH_SEARCH_PATHS = "$(inherited) @executable_path/Frameworks @loader_path/Frameworks";
				PRODUCT_NAME = "$(TARGET_NAME)";
				TEST_HOST = "$(BUILT_PRODUCTS_DIR)/stormy 1.5.app/stormy 1.5";
			};
			name = Release;
		};
/* End XCBuildConfiguration section */

/* Begin XCConfigurationList section */
		4CEAEEE51B24CDCB0085CDDE /* Build configuration list for PBXProject "stormy 1.5" */ = {
			isa = XCConfigurationList;
			buildConfigurations = (
				4CEAEF071B24CDCB0085CDDE /* Debug */,
				4CEAEF081B24CDCB0085CDDE /* Release */,
			);
			defaultConfigurationIsVisible = 0;
			defaultConfigurationName = Release;
		};
		4CEAEF091B24CDCB0085CDDE /* Build configuration list for PBXNativeTarget "stormy 1.5" */ = {
			isa = XCConfigurationList;
			buildConfigurations = (
				4CEAEF0A1B24CDCB0085CDDE /* Debug */,
				4CEAEF0B1B24CDCB0085CDDE /* Release */,
			);
			defaultConfigurationIsVisible = 0;
		};
		4CEAEF0C1B24CDCB0085CDDE /* Build configuration list for PBXNativeTarget "stormy 1.5Tests" */ = {
			isa = XCConfigurationList;
			buildConfigurations = (
				4CEAEF0D1B24CDCB0085CDDE /* Debug */,
				4CEAEF0E1B24CDCB0085CDDE /* Release */,
			);
			defaultConfigurationIsVisible = 0;
		};
/* End XCConfigurationList section */
	};
	rootObject = 4CEAEEE21B24CDCB0085CDDE /* Project object */;
}
